
Microsoft Visual Studio Solution File, Format Version 12.00
# Visual Studio 14
VisualStudioVersion = 14.0.25123.0
MinimumVisualStudioVersion = 10.0.40219.1
Project("{FAE04EC0-301F-11D3-BF4B-00C04F79EFBC}") = "1.1BitcoinAddress", "BitcoinAddress\1.1BitcoinAddress.csproj", "{E8594880-7F0B-424C-9205-1F9E84A072ED}"
EndProject
Project("{FAE04EC0-301F-11D3-BF4B-00C04F79EFBC}") = "1.2ScriptPubKey", "PaymentScript\1.2ScriptPubKey.csproj", "{4A71F9D4-6017-4429-8771-7657C7027288}"
EndProject
Project("{FAE04EC0-301F-11D3-BF4B-00C04F79EFBC}") = "1.3PrivateKey", "PrivateKey\1.3PrivateKey.csproj", "{8F4F2562-A2CA-4885-8638-F71CC44F5648}"
EndProject
Project("{FAE04EC0-301F-11D3-BF4B-00C04F79EFBC}") = "1.4Transaction", "Transaction\1.4Transaction.csproj", "{F50F451C-4D92-468A-BBA2-1C18D3B9EA5F}"
EndProject
Project("{FAE04EC0-301F-11D3-BF4B-00C04F79EFBC}") = "1.5SpendYourCoins", "SpendYourCoins\1.5SpendYourCoins.csproj", "{D8C1E36E-BDB6-414A-A7CD-AAB042BA6F0F}"
EndProject
Project("{FAE04EC0-301F-11D3-BF4B-00C04F79EFBC}") = "1.6ProofOfOwnership", "ProofOfOwnership\1.6ProofOfOwnership.csproj", "{4916EFA5-06BD-45EB-8263-3DD572F93265}"
EndProject
Project("{FAE04EC0-301F-11D3-BF4B-00C04F79EFBC}") = "2.1KeyEncryption", "2.1KeyEncryption\2.1KeyEncryption.csproj", "{4B45DAB7-87CC-42DC-942C-657B99E8F60B}"
EndProject
Project("{FAE04EC0-301F-11D3-BF4B-00C04F79EFBC}") = "2.2Bip38Part2", "2.2Bip38\2.2Bip38Part2.csproj", "{78EE4C00-5D66-41E3-A880-A9F946DDA318}"
EndProject
Project("{FAE04EC0-301F-11D3-BF4B-00C04F79EFBC}") = "2.3HdWallet", "HdWallet\2.3HdWallet.csproj", "{2FC6AF72-5747-4BEE-9350-DC84E60D80D4}"
EndProject
Project("{FAE04EC0-301F-11D3-BF4B-00C04F79EFBC}") = "2.4DarkWallet", "2.4DarkWallet\2.4DarkWallet.csproj", "{3ACA9605-EE3B-44F6-B567-A2E115E09A4D}"
EndProject
Project("{FAE04EC0-301F-11D3-BF4B-00C04F79EFBC}") = "3.0OtherTypesOfOwnerships", "3.0OtherTypesOfOwnerships\3.0OtherTypesOfOwnerships.csproj", "{C2F3536C-6531-456C-965B-0E4EC615ADE7}"
EndProject
Project("{FAE04EC0-301F-11D3-BF4B-00C04F79EFBC}") = "3.1TransactionBuilder", "3.1TransactionBuilder\3.1TransactionBuilder.csproj", "{3727A08A-582A-43C1-A56C-EE9D7832B17A}"
EndProject
Project("{FAE04EC0-301F-11D3-BF4B-00C04F79EFBC}") = "4.0OtherAssets", "4.1OtherAssets\4.0OtherAssets.csproj", "{AA4E8579-A0DB-4026-BA07-9951B8C022D0}"
EndProject
Project("{FAE04EC0-301F-11D3-BF4B-00C04F79EFBC}") = "4.1UnitTests", "4.1UnitTests\4.1UnitTests.csproj", "{76DF51D2-93E3-4B9A-8EC4-441BAED688ED}"
EndProject
Project("{FAE04EC0-301F-11D3-BF4B-00C04F79EFBC}") = "4.2LiquidDemocracy", "4.2LiquidDemocracy\4.2LiquidDemocracy.csproj", "{6B7205A0-1D0C-425F-9429-E29DE0E9C6FD}"
EndProject
Project("{FAE04EC0-301F-11D3-BF4B-00C04F79EFBC}") = "4.3ProofOfBurn", "4.3ProofOfBurn\4.3ProofOfBurn.csproj", "{7EEE7CFF-5CBC-4B56-9430-A56CE2D887ED}"
EndProject
Global
	GlobalSection(SolutionConfigurationPlatforms) = preSolution
		Debug|Any CPU = Debug|Any CPU
		Release|Any CPU = Release|Any CPU
	EndGlobalSection
	GlobalSection(ProjectConfigurationPlatforms) = postSolution
		{E8594880-7F0B-424C-9205-1F9E84A072ED}.Debug|Any CPU.ActiveCfg = Debug|Any CPU
		{E8594880-7F0B-424C-9205-1F9E84A072ED}.Debug|Any CPU.Build.0 = Debug|Any CPU
		{E8594880-7F0B-424C-9205-1F9E84A072ED}.Release|Any CPU.ActiveCfg = Release|Any CPU
		{E8594880-7F0B-424C-9205-1F9E84A072ED}.Release|Any CPU.Build.0 = Release|Any CPU
		{4A71F9D4-6017-4429-8771-7657C7027288}.Debug|Any CPU.ActiveCfg = Debug|Any CPU
		{4A71F9D4-6017-4429-8771-7657C7027288}.Debug|Any CPU.Build.0 = Debug|Any CPU
		{4A71F9D4-6017-4429-8771-7657C7027288}.Release|Any CPU.ActiveCfg = Release|Any CPU
		{4A71F9D4-6017-4429-8771-7657C7027288}.Release|Any CPU.Build.0 = Release|Any CPU
		{8F4F2562-A2CA-4885-8638-F71CC44F5648}.Debug|Any CPU.ActiveCfg = Debug|Any CPU
		{8F4F2562-A2CA-4885-8638-F71CC44F5648}.Debug|Any CPU.Build.0 = Debug|Any CPU
		{8F4F2562-A2CA-4885-8638-F71CC44F5648}.Release|Any CPU.ActiveCfg = Release|Any CPU
		{8F4F2562-A2CA-4885-8638-F71CC44F5648}.Release|Any CPU.Build.0 = Release|Any CPU
		{F50F451C-4D92-468A-BBA2-1C18D3B9EA5F}.Debug|Any CPU.ActiveCfg = Debug|Any CPU
		{F50F451C-4D92-468A-BBA2-1C18D3B9EA5F}.Debug|Any CPU.Build.0 = Debug|Any CPU
		{F50F451C-4D92-468A-BBA2-1C18D3B9EA5F}.Release|Any CPU.ActiveCfg = Release|Any CPU
		{F50F451C-4D92-468A-BBA2-1C18D3B9EA5F}.Release|Any CPU.Build.0 = Release|Any CPU
		{D8C1E36E-BDB6-414A-A7CD-AAB042BA6F0F}.Debug|Any CPU.ActiveCfg = Debug|Any CPU
		{D8C1E36E-BDB6-414A-A7CD-AAB042BA6F0F}.Debug|Any CPU.Build.0 = Debug|Any CPU
		{D8C1E36E-BDB6-414A-A7CD-AAB042BA6F0F}.Release|Any CPU.ActiveCfg = Release|Any CPU
		{D8C1E36E-BDB6-414A-A7CD-AAB042BA6F0F}.Release|Any CPU.Build.0 = Release|Any CPU
		{4916EFA5-06BD-45EB-8263-3DD572F93265}.Debug|Any CPU.ActiveCfg = Debug|Any CPU
		{4916EFA5-06BD-45EB-8263-3DD572F93265}.Debug|Any CPU.Build.0 = Debug|Any CPU
		{4916EFA5-06BD-45EB-8263-3DD572F93265}.Release|Any CPU.ActiveCfg = Release|Any CPU
		{4916EFA5-06BD-45EB-8263-3DD572F93265}.Release|Any CPU.Build.0 = Release|Any CPU
		{4B45DAB7-87CC-42DC-942C-657B99E8F60B}.Debug|Any CPU.ActiveCfg = Debug|Any CPU
		{4B45DAB7-87CC-42DC-942C-657B99E8F60B}.Debug|Any CPU.Build.0 = Debug|Any CPU
		{4B45DAB7-87CC-42DC-942C-657B99E8F60B}.Release|Any CPU.ActiveCfg = Release|Any CPU
		{4B45DAB7-87CC-42DC-942C-657B99E8F60B}.Release|Any CPU.Build.0 = Release|Any CPU
		{78EE4C00-5D66-41E3-A880-A9F946DDA318}.Debug|Any CPU.ActiveCfg = Debug|Any CPU
		{78EE4C00-5D66-41E3-A880-A9F946DDA318}.Debug|Any CPU.Build.0 = Debug|Any CPU
		{78EE4C00-5D66-41E3-A880-A9F946DDA318}.Release|Any CPU.ActiveCfg = Release|Any CPU
		{78EE4C00-5D66-41E3-A880-A9F946DDA318}.Release|Any CPU.Build.0 = Release|Any CPU
		{2FC6AF72-5747-4BEE-9350-DC84E60D80D4}.Debug|Any CPU.ActiveCfg = Debug|Any CPU
		{2FC6AF72-5747-4BEE-9350-DC84E60D80D4}.Debug|Any CPU.Build.0 = Debug|Any CPU
		{2FC6AF72-5747-4BEE-9350-DC84E60D80D4}.Release|Any CPU.ActiveCfg = Release|Any CPU
		{2FC6AF72-5747-4BEE-9350-DC84E60D80D4}.Release|Any CPU.Build.0 = Release|Any CPU
		{3ACA9605-EE3B-44F6-B567-A2E115E09A4D}.Debug|Any CPU.ActiveCfg = Debug|Any CPU
		{3ACA9605-EE3B-44F6-B567-A2E115E09A4D}.Debug|Any CPU.Build.0 = Debug|Any CPU
		{3ACA9605-EE3B-44F6-B567-A2E115E09A4D}.Release|Any CPU.ActiveCfg = Release|Any CPU
		{3ACA9605-EE3B-44F6-B567-A2E115E09A4D}.Release|Any CPU.Build.0 = Release|Any CPU
		{C2F3536C-6531-456C-965B-0E4EC615ADE7}.Debug|Any CPU.ActiveCfg = Debug|Any CPU
		{C2F3536C-6531-456C-965B-0E4EC615ADE7}.Debug|Any CPU.Build.0 = Debug|Any CPU
		{C2F3536C-6531-456C-965B-0E4EC615ADE7}.Release|Any CPU.ActiveCfg = Release|Any CPU
		{C2F3536C-6531-456C-965B-0E4EC615ADE7}.Release|Any CPU.Build.0 = Release|Any CPU
		{3727A08A-582A-43C1-A56C-EE9D7832B17A}.Debug|Any CPU.ActiveCfg = Debug|Any CPU
		{3727A08A-582A-43C1-A56C-EE9D7832B17A}.Debug|Any CPU.Build.0 = Debug|Any CPU
		{3727A08A-582A-43C1-A56C-EE9D7832B17A}.Release|Any CPU.ActiveCfg = Release|Any CPU
		{3727A08A-582A-43C1-A56C-EE9D7832B17A}.Release|Any CPU.Build.0 = Release|Any CPU
		{AA4E8579-A0DB-4026-BA07-9951B8C022D0}.Debug|Any CPU.ActiveCfg = Debug|Any CPU
		{AA4E8579-A0DB-4026-BA07-9951B8C022D0}.Debug|Any CPU.Build.0 = Debug|Any CPU
		{AA4E8579-A0DB-4026-BA07-9951B8C022D0}.Release|Any CPU.ActiveCfg = Release|Any CPU
		{AA4E8579-A0DB-4026-BA07-9951B8C022D0}.Release|Any CPU.Build.0 = Release|Any CPU
		{76DF51D2-93E3-4B9A-8EC4-441BAED688ED}.Debug|Any CPU.ActiveCfg = Debug|Any CPU
		{76DF51D2-93E3-4B9A-8EC4-441BAED688ED}.Debug|Any CPU.Build.0 = Debug|Any CPU
		{76DF51D2-93E3-4B9A-8EC4-441BAED688ED}.Release|Any CPU.ActiveCfg = Release|Any CPU
		{76DF51D2-93E3-4B9A-8EC4-441BAED688ED}.Release|Any CPU.Build.0 = Release|Any CPU
		{6B7205A0-1D0C-425F-9429-E29DE0E9C6FD}.Debug|Any CPU.ActiveCfg = Debug|Any CPU
		{6B7205A0-1D0C-425F-9429-E29DE0E9C6FD}.Debug|Any CPU.Build.0 = Debug|Any CPU
		{6B7205A0-1D0C-425F-9429-E29DE0E9C6FD}.Release|Any CPU.ActiveCfg = Release|Any CPU
		{6B7205A0-1D0C-425F-9429-E29DE0E9C6FD}.Release|Any CPU.Build.0 = Release|Any CPU
		{7EEE7CFF-5CBC-4B56-9430-A56CE2D887ED}.Debug|Any CPU.ActiveCfg = Debug|Any CPU
		{7EEE7CFF-5CBC-4B56-9430-A56CE2D887ED}.Debug|Any CPU.Build.0 = Debug|Any CPU
		{7EEE7CFF-5CBC-4B56-9430-A56CE2D887ED}.Release|Any CPU.ActiveCfg = Release|Any CPU
		{7EEE7CFF-5CBC-4B56-9430-A56CE2D887ED}.Release|Any CPU.Build.0 = Release|Any CPU
	EndGlobalSection
	GlobalSection(SolutionProperties) = preSolution
		HideSolutionNode = FALSE
	EndGlobalSection
EndGlobal
